
Microsoft Visual Studio Solution File, Format Version 12.00
# Visual Studio 15
VisualStudioVersion = 15.0.28307.271
MinimumVisualStudioVersion = 10.0.40219.1
Project("{9A19103F-16F7-4668-BE54-9A1E7A4F7556}") = "ITNews.Web", "ITNews.Web\ITNews.Web.csproj", "{F2A4A2D8-6EAF-4E4C-A71C-B925985E2112}"
EndProject
Project("{9A19103F-16F7-4668-BE54-9A1E7A4F7556}") = "ITNews.Data.Contracts", "ITNews.Data.Contracts\ITNews.Data.Contracts.csproj", "{1765E040-1185-4F6A-A10F-281E0C12A53A}"
EndProject
Project("{9A19103F-16F7-4668-BE54-9A1E7A4F7556}") = "ITNews.Data.Implementation", "ITNews.Data.Implementation\ITNews.Data.Implementation.csproj", "{653940BE-A574-4470-95EF-BCB05FDE1887}"
EndProject
Project("{9A19103F-16F7-4668-BE54-9A1E7A4F7556}") = "ITNews.Domain.Contracts", "ITNews.Domain.Contracts\ITNews.Domain.Contracts.csproj", "{D4320FD9-3D9E-47E1-9FEC-C2564B61B256}"
EndProject
Project("{FAE04EC0-301F-11D3-BF4B-00C04F79EFBC}") = "ITNews.Domain.Implementation", "ITNews.Domain.Implementation\ITNews.Domain.Implementation.csproj", "{8D53ECBF-33EE-4D00-AE17-00701E472941}"
EndProject
Project("{FAE04EC0-301F-11D3-BF4B-00C04F79EFBC}") = "ITNews.Infrastructure", "ITNews.Infrastructure\ITNews.Infrastructure.csproj", "{329C5E8C-089C-4ED1-BB9B-94952725D1B9}"
EndProject
Global
	GlobalSection(SolutionConfigurationPlatforms) = preSolution
		Debug|Any CPU = Debug|Any CPU
		Release|Any CPU = Release|Any CPU
	EndGlobalSection
	GlobalSection(ProjectConfigurationPlatforms) = postSolution
		{F2A4A2D8-6EAF-4E4C-A71C-B925985E2112}.Debug|Any CPU.ActiveCfg = Debug|Any CPU
		{F2A4A2D8-6EAF-4E4C-A71C-B925985E2112}.Debug|Any CPU.Build.0 = Debug|Any CPU
		{F2A4A2D8-6EAF-4E4C-A71C-B925985E2112}.Release|Any CPU.ActiveCfg = Release|Any CPU
		{F2A4A2D8-6EAF-4E4C-A71C-B925985E2112}.Release|Any CPU.Build.0 = Release|Any CPU
		{1765E040-1185-4F6A-A10F-281E0C12A53A}.Debug|Any CPU.ActiveCfg = Debug|Any CPU
		{1765E040-1185-4F6A-A10F-281E0C12A53A}.Debug|Any CPU.Build.0 = Debug|Any CPU
		{1765E040-1185-4F6A-A10F-281E0C12A53A}.Release|Any CPU.ActiveCfg = Release|Any CPU
		{1765E040-1185-4F6A-A10F-281E0C12A53A}.Release|Any CPU.Build.0 = Release|Any CPU
		{653940BE-A574-4470-95EF-BCB05FDE1887}.Debug|Any CPU.ActiveCfg = Debug|Any CPU
		{653940BE-A574-4470-95EF-BCB05FDE1887}.Debug|Any CPU.Build.0 = Debug|Any CPU
		{653940BE-A574-4470-95EF-BCB05FDE1887}.Release|Any CPU.ActiveCfg = Release|Any CPU
		{653940BE-A574-4470-95EF-BCB05FDE1887}.Release|Any CPU.Build.0 = Release|Any CPU
		{D4320FD9-3D9E-47E1-9FEC-C2564B61B256}.Debug|Any CPU.ActiveCfg = Debug|Any CPU
		{D4320FD9-3D9E-47E1-9FEC-C2564B61B256}.Debug|Any CPU.Build.0 = Debug|Any CPU
		{D4320FD9-3D9E-47E1-9FEC-C2564B61B256}.Release|Any CPU.ActiveCfg = Release|Any CPU
		{D4320FD9-3D9E-47E1-9FEC-C2564B61B256}.Release|Any CPU.Build.0 = Release|Any CPU
		{8D53ECBF-33EE-4D00-AE17-00701E472941}.Debug|Any CPU.ActiveCfg = Debug|Any CPU
		{8D53ECBF-33EE-4D00-AE17-00701E472941}.Debug|Any CPU.Build.0 = Debug|Any CPU
		{8D53ECBF-33EE-4D00-AE17-00701E472941}.Release|Any CPU.ActiveCfg = Release|Any CPU
		{8D53ECBF-33EE-4D00-AE17-00701E472941}.Release|Any CPU.Build.0 = Release|Any CPU
		{329C5E8C-089C-4ED1-BB9B-94952725D1B9}.Debug|Any CPU.ActiveCfg = Debug|Any CPU
		{329C5E8C-089C-4ED1-BB9B-94952725D1B9}.Debug|Any CPU.Build.0 = Debug|Any CPU
		{329C5E8C-089C-4ED1-BB9B-94952725D1B9}.Release|Any CPU.ActiveCfg = Release|Any CPU
		{329C5E8C-089C-4ED1-BB9B-94952725D1B9}.Release|Any CPU.Build.0 = Release|Any CPU
	EndGlobalSection
	GlobalSection(SolutionProperties) = preSolution
		HideSolutionNode = FALSE
	EndGlobalSection
	GlobalSection(ExtensibilityGlobals) = postSolution
		SolutionGuid = {3DAB4936-B53E-49D9-B5D2-8391A8712C6F}
	EndGlobalSection
EndGlobal
